
Microsoft Visual Studio Solution File, Format Version 12.00
# Visual Studio Version 17
VisualStudioVersion = 17.11.35208.52
MinimumVisualStudioVersion = 10.0.40219.1
Project("{FAE04EC0-301F-11D3-BF4B-00C04F79EFBC}") = "surfs-up-project", "surfs-up-project\surfs-up-project.csproj", "{DD3C8E19-BFF7-4016-BB5C-5EC39BFA9E5D}"
EndProject
Global
	GlobalSection(SolutionConfigurationPlatforms) = preSolution
		Debug|Any CPU = Debug|Any CPU
		Release|Any CPU = Release|Any CPU
	EndGlobalSection
	GlobalSection(ProjectConfigurationPlatforms) = postSolution
		{DD3C8E19-BFF7-4016-BB5C-5EC39BFA9E5D}.Debug|Any CPU.ActiveCfg = Debug|Any CPU
		{DD3C8E19-BFF7-4016-BB5C-5EC39BFA9E5D}.Debug|Any CPU.Build.0 = Debug|Any CPU
		{DD3C8E19-BFF7-4016-BB5C-5EC39BFA9E5D}.Release|Any CPU.ActiveCfg = Release|Any CPU
		{DD3C8E19-BFF7-4016-BB5C-5EC39BFA9E5D}.Release|Any CPU.Build.0 = Release|Any CPU
	EndGlobalSection
	GlobalSection(SolutionProperties) = preSolution
		HideSolutionNode = FALSE
	EndGlobalSection
	GlobalSection(ExtensibilityGlobals) = postSolution
		SolutionGuid = {7E9E7FD0-5F07-48D1-98FD-871CA6BD0A39}
	EndGlobalSection
EndGlobal
